
Microsoft Visual Studio Solution File, Format Version 12.00
# Visual Studio 15
VisualStudioVersion = 15.0.27428.2015
MinimumVisualStudioVersion = 10.0.40219.1
Project("{FAE04EC0-301F-11D3-BF4B-00C04F79EFBC}") = "Company", "Company\Company.csproj", "{94A44EE1-5F5D-4A62-92EB-EC94E425682E}"
EndProject
Project("{FAE04EC0-301F-11D3-BF4B-00C04F79EFBC}") = "TestCompany", "TestCompany\TestCompany.csproj", "{0621DA73-4A2C-453A-A660-1E5527594A03}"
EndProject
Global
	GlobalSection(SolutionConfigurationPlatforms) = preSolution
		Debug|Any CPU = Debug|Any CPU
		Release|Any CPU = Release|Any CPU
	EndGlobalSection
	GlobalSection(ProjectConfigurationPlatforms) = postSolution
		{94A44EE1-5F5D-4A62-92EB-EC94E425682E}.Debug|Any CPU.ActiveCfg = Debug|Any CPU
		{94A44EE1-5F5D-4A62-92EB-EC94E425682E}.Debug|Any CPU.Build.0 = Debug|Any CPU
		{94A44EE1-5F5D-4A62-92EB-EC94E425682E}.Release|Any CPU.ActiveCfg = Release|Any CPU
		{94A44EE1-5F5D-4A62-92EB-EC94E425682E}.Release|Any CPU.Build.0 = Release|Any CPU
		{0621DA73-4A2C-453A-A660-1E5527594A03}.Debug|Any CPU.ActiveCfg = Debug|Any CPU
		{0621DA73-4A2C-453A-A660-1E5527594A03}.Debug|Any CPU.Build.0 = Debug|Any CPU
		{0621DA73-4A2C-453A-A660-1E5527594A03}.Release|Any CPU.ActiveCfg = Release|Any CPU
		{0621DA73-4A2C-453A-A660-1E5527594A03}.Release|Any CPU.Build.0 = Release|Any CPU
	EndGlobalSection
	GlobalSection(SolutionProperties) = preSolution
		HideSolutionNode = FALSE
	EndGlobalSection
	GlobalSection(ExtensibilityGlobals) = postSolution
		SolutionGuid = {0AB47E02-AD1F-4E57-8F76-F48F7DF5EAE0}
	EndGlobalSection
EndGlobal
